PODS:
  - TinyConstraints (3.1.0)

DEPENDENCIES:
  - TinyConstraints

SPEC REPOS:
  https://github.com/cocoapods/specs.git:
    - TinyConstraints

SPEC CHECKSUMS:
  TinyConstraints: 4721a4b303c799328867078ade6560e152df54d1

PODFILE CHECKSUM: d7092e23d8c33fc15b588f08c2556045eff71f59

COCOAPODS: 1.5.3
